
Microsoft Visual Studio Solution File, Format Version 12.00
# Visual Studio 15
VisualStudioVersion = 15.0.27130.2036
MinimumVisualStudioVersion = 10.0.40219.1
Project("{FAE04EC0-301F-11D3-BF4B-00C04F79EFBC}") = "Task1", "Task1\Task1.csproj", "{10D1ED84-E0C9-4774-AD3D-71132B31BBA1}"
EndProject
Global
	GlobalSection(SolutionConfigurationPlatforms) = preSolution
		Debug|Any CPU = Debug|Any CPU
		Release|Any CPU = Release|Any CPU
	EndGlobalSection
	GlobalSection(ProjectConfigurationPlatforms) = postSolution
		{10D1ED84-E0C9-4774-AD3D-71132B31BBA1}.Debug|Any CPU.ActiveCfg = Debug|Any CPU
		{10D1ED84-E0C9-4774-AD3D-71132B31BBA1}.Debug|Any CPU.Build.0 = Debug|Any CPU
		{10D1ED84-E0C9-4774-AD3D-71132B31BBA1}.Release|Any CPU.ActiveCfg = Release|Any CPU
		{10D1ED84-E0C9-4774-AD3D-71132B31BBA1}.Release|Any CPU.Build.0 = Release|Any CPU
	EndGlobalSection
	GlobalSection(SolutionProperties) = preSolution
		HideSolutionNode = FALSE
	EndGlobalSection
	GlobalSection(ExtensibilityGlobals) = postSolution
		SolutionGuid = {EF8D1452-D4F1-42C0-9A92-D36AC738A703}
	EndGlobalSection
EndGlobal
